
Microsoft Visual Studio Solution File, Format Version 12.00
# Visual Studio Version 17
VisualStudioVersion = 17.10.35027.167
MinimumVisualStudioVersion = 10.0.40219.1
Project("{FAE04EC0-301F-11D3-BF4B-00C04F79EFBC}") = "ImprovedDamage.ivsdk", "ImprovedDamage.ivsdk\ImprovedDamage.ivsdk.csproj", "{3C7529FB-6815-4FE5-BE14-06FECCAE2959}"
EndProject
Global
	GlobalSection(SolutionConfigurationPlatforms) = preSolution
		Debug|Any CPU = Debug|Any CPU
		Release|Any CPU = Release|Any CPU
	EndGlobalSection
	GlobalSection(ProjectConfigurationPlatforms) = postSolution
		{3C7529FB-6815-4FE5-BE14-06FECCAE2959}.Debug|Any CPU.ActiveCfg = Debug|Any CPU
		{3C7529FB-6815-4FE5-BE14-06FECCAE2959}.Debug|Any CPU.Build.0 = Debug|Any CPU
		{3C7529FB-6815-4FE5-BE14-06FECCAE2959}.Release|Any CPU.ActiveCfg = Release|Any CPU
		{3C7529FB-6815-4FE5-BE14-06FECCAE2959}.Release|Any CPU.Build.0 = Release|Any CPU
	EndGlobalSection
	GlobalSection(SolutionProperties) = preSolution
		HideSolutionNode = FALSE
	EndGlobalSection
	GlobalSection(ExtensibilityGlobals) = postSolution
		SolutionGuid = {C22FB520-74E6-47CE-8322-5DB6A09EF401}
	EndGlobalSection
EndGlobal
